// !$*UTF8*$!
{
	archiveVersion = 1;
	classes = {
	};
	objectVersion = 50;
	objects = {

/* Begin PBXBuildFile section */
		A624809923D419CF0021F89C /* QuizBrain.swift in Sources */ = {isa = PBXBuildFile; fileRef = A624809823D419CF0021F89C /* QuizBrain.swift */; };
		A63A077E23D3445800E48694 /* AppDelegate.swift in Sources */ = {isa = PBXBuildFile; fileRef = A63A077D23D3445800E48694 /* AppDelegate.swift */; };
		A63A078023D3445800E48694 /* ViewController.swift in Sources */ = {isa = PBXBuildFile; fileRef = A63A077F23D3445800E48694 /* ViewController.swift */; };
		A63A078323D3445800E48694 /* Main.storyboard in Resources */ = {isa = PBXBuildFile; fileRef = A63A078123D3445800E48694 /* Main.storyboard */; };
		A63A078623D3445800E48694 /* QuizApp.xcdatamodeld in Sources */ = {isa = PBXBuildFile; fileRef = A63A078423D3445800E48694 /* QuizApp.xcdatamodeld */; };
		A63A078823D3445900E48694 /* Assets.xcassets in Resources */ = {isa = PBXBuildFile; fileRef = A63A078723D3445900E48694 /* Assets.xcassets */; };
		A63A078B23D3445900E48694 /* LaunchScreen.storyboard in Resources */ = {isa = PBXBuildFile; fileRef = A63A078923D3445900E48694 /* LaunchScreen.storyboard */; };
		A63A079623D3445900E48694 /* QuizAppTests.swift in Sources */ = {isa = PBXBuildFile; fileRef = A63A079523D3445900E48694 /* QuizAppTests.swift */; };
		A63A07A123D3445900E48694 /* QuizAppUITests.swift in Sources */ = {isa = PBXBuildFile; fileRef = A63A07A023D3445900E48694 /* QuizAppUITests.swift */; };
		A63A07AF23D35EBB00E48694 /* Question.swift in Sources */ = {isa = PBXBuildFile; fileRef = A63A07AE23D35EBB00E48694 /* Question.swift */; };
/* End PBXBuildFile section */

/* Begin PBXContainerItemProxy section */
		A63A079223D3445900E48694 /* PBXContainerItemProxy */ = {
			isa = PBXContainerItemProxy;
			containerPortal = A63A077223D3445800E48694 /* Project object */;
			proxyType = 1;
			remoteGlobalIDString = A63A077923D3445800E48694;
			remoteInfo = QuizApp;
		};
		A63A079D23D3445900E48694 /* PBXContainerItemProxy */ = {
			isa = PBXContainerItemProxy;
			containerPortal = A63A077223D3445800E48694 /* Project object */;
			proxyType = 1;
			remoteGlobalIDString = A63A077923D3445800E48694;
			remoteInfo = QuizApp;
		};
/* End PBXContainerItemProxy section */

/* Begin PBXFileReference section */
		A624809823D419CF0021F89C /* QuizBrain.swift */ = {isa = PBXFileReference; lastKnownFileType = sourcecode.swift; path = QuizBrain.swift; sourceTree = "<group>"; };
		A63A077A23D3445800E48694 /* QuizApp.app */ = {isa = PBXFileReference; explicitFileType = wrapper.application; includeInIndex = 0; path = QuizApp.app; sourceTree = BUILT_PRODUCTS_DIR; };
		A63A077D23D3445800E48694 /* AppDelegate.swift */ = {isa = PBXFileReference; lastKnownFileType = sourcecode.swift; path = AppDelegate.swift; sourceTree = "<group>"; };
		A63A077F23D3445800E48694 /* ViewController.swift */ = {isa = PBXFileReference; lastKnownFileType = sourcecode.swift; path = ViewController.swift; sourceTree = "<group>"; };
		A63A078223D3445800E48694 /* Base */ = {isa = PBXFileReference; lastKnownFileType = file.storyboard; name = Base; path = Base.lproj/Main.storyboard; sourceTree = "<group>"; };
		A63A078523D3445800E48694 /* QuizApp.xcdatamodel */ = {isa = PBXFileReference; lastKnownFileType = wrapper.xcdatamodel; path = QuizApp.xcdatamodel; sourceTree = "<group>"; };
		A63A078723D3445900E48694 /* Assets.xcassets */ = {isa = PBXFileReference; lastKnownFileType = folder.assetcatalog; path = Assets.xcassets; sourceTree = "<group>"; };
		A63A078A23D3445900E48694 /* Base */ = {isa = PBXFileReference; lastKnownFileType = file.storyboard; name = Base; path = Base.lproj/LaunchScreen.storyboard; sourceTree = "<group>"; };
		A63A078C23D3445900E48694 /* Info.plist */ = {isa = PBXFileReference; lastKnownFileType = text.plist.xml; path = Info.plist; sourceTree = "<group>"; };
		A63A079123D3445900E48694 /* QuizAppTests.xctest */ = {isa = PBXFileReference; explicitFileType = wrapper.cfbundle; includeInIndex = 0; path = QuizAppTests.xctest; sourceTree = BUILT_PRODUCTS_DIR; };
		A63A079523D3445900E48694 /* QuizAppTests.swift */ = {isa = PBXFileReference; lastKnownFileType = sourcecode.swift; path = QuizAppTests.swift; sourceTree = "<group>"; };
		A63A079723D3445900E48694 /* Info.plist */ = {isa = PBXFileReference; lastKnownFileType = text.plist.xml; path = Info.plist; sourceTree = "<group>"; };
		A63A079C23D3445900E48694 /* QuizAppUITests.xctest */ = {isa = PBXFileReference; explicitFileType = wrapper.cfbundle; includeInIndex = 0; path = QuizAppUITests.xctest; sourceTree = BUILT_PRODUCTS_DIR; };
		A63A07A023D3445900E48694 /* QuizAppUITests.swift */ = {isa = PBXFileReference; lastKnownFileType = sourcecode.swift; path = QuizAppUITests.swift; sourceTree = "<group>"; };
		A63A07A223D3445900E48694 /* Info.plist */ = {isa = PBXFileReference; lastKnownFileType = text.plist.xml; path = Info.plist; sourceTree = "<group>"; };
		A63A07AE23D35EBB00E48694 /* Question.swift */ = {isa = PBXFileReference; lastKnownFileType = sourcecode.swift; path = Question.swift; sourceTree = "<group>"; };
/* End PBXFileReference section */

/* Begin PBXFrameworksBuildPhase section */
		A63A077723D3445800E48694 /* Frameworks */ = {
			isa = PBXFrameworksBuildPhase;
			buildActionMask = 2147483647;
			files = (
			);
			runOnlyForDeploymentPostprocessing = 0;
		};
		A63A078E23D3445900E48694 /* Frameworks */ = {
			isa = PBXFrameworksBuildPhase;
			buildActionMask = 2147483647;
			files = (
			);
			runOnlyForDeploymentPostprocessing = 0;
		};
		A63A079923D3445900E48694 /* Frameworks */ = {
			isa = PBXFrameworksBuildPhase;
			buildActionMask = 2147483647;
			files = (
			);
			runOnlyForDeploymentPostprocessing = 0;
		};
/* End PBXFrameworksBuildPhase section */

/* Begin PBXGroup section */
		A624809523D418AB0021F89C /* Model */ = {
			isa = PBXGroup;
			children = (
				A63A07AE23D35EBB00E48694 /* Question.swift */,
				A624809823D419CF0021F89C /* QuizBrain.swift */,
			);
			path = Model;
			sourceTree = "<group>";
		};
		A624809623D418C00021F89C /* View */ = {
			isa = PBXGroup;
			children = (
				A63A078123D3445800E48694 /* Main.storyboard */,
				A63A078923D3445900E48694 /* LaunchScreen.storyboard */,
			);
			path = View;
			sourceTree = "<group>";
		};
		A624809723D418E30021F89C /* Controller */ = {
			isa = PBXGroup;
			children = (
				A63A077F23D3445800E48694 /* ViewController.swift */,
			);
			path = Controller;
			sourceTree = "<group>";
		};
		A63A077123D3445800E48694 = {
			isa = PBXGroup;
			children = (
				A63A077C23D3445800E48694 /* QuizApp */,
				A63A079423D3445900E48694 /* QuizAppTests */,
				A63A079F23D3445900E48694 /* QuizAppUITests */,
				A63A077B23D3445800E48694 /* Products */,
			);
			sourceTree = "<group>";
		};
		A63A077B23D3445800E48694 /* Products */ = {
			isa = PBXGroup;
			children = (
				A63A077A23D3445800E48694 /* QuizApp.app */,
				A63A079123D3445900E48694 /* QuizAppTests.xctest */,
				A63A079C23D3445900E48694 /* QuizAppUITests.xctest */,
			);
			name = Products;
			sourceTree = "<group>";
		};
		A63A077C23D3445800E48694 /* QuizApp */ = {
			isa = PBXGroup;
			children = (
				A63A077D23D3445800E48694 /* AppDelegate.swift */,
				A63A078723D3445900E48694 /* Assets.xcassets */,
				A624809723D418E30021F89C /* Controller */,
				A624809523D418AB0021F89C /* Model */,
				A624809623D418C00021F89C /* View */,
				A63A078C23D3445900E48694 /* Info.plist */,
				A63A078423D3445800E48694 /* QuizApp.xcdatamodeld */,
			);
			path = QuizApp;
			sourceTree = "<group>";
		};
		A63A079423D3445900E48694 /* QuizAppTests */ = {
			isa = PBXGroup;
			children = (
				A63A079523D3445900E48694 /* QuizAppTests.swift */,
				A63A079723D3445900E48694 /* Info.plist */,
			);
			path = QuizAppTests;
			sourceTree = "<group>";
		};
		A63A079F23D3445900E48694 /* QuizAppUITests */ = {
			isa = PBXGroup;
			children = (
				A63A07A023D3445900E48694 /* QuizAppUITests.swift */,
				A63A07A223D3445900E48694 /* Info.plist */,
			);
			path = QuizAppUITests;
			sourceTree = "<group>";
		};
/* End PBXGroup section */

/* Begin PBXNativeTarget section */
		A63A077923D3445800E48694 /* QuizApp */ = {
			isa = PBXNativeTarget;
			buildConfigurationList = A63A07A523D3445900E48694 /* Build configuration list for PBXNativeTarget "QuizApp" */;
			buildPhases = (
				A63A077623D3445800E48694 /* Sources */,
				A63A077723D3445800E48694 /* Frameworks */,
				A63A077823D3445800E48694 /* Resources */,
			);
			buildRules = (
			);
			dependencies = (
			);
			name = QuizApp;
			productName = QuizApp;
			productReference = A63A077A23D3445800E48694 /* QuizApp.app */;
			productType = "com.apple.product-type.application";
		};
		A63A079023D3445900E48694 /* QuizAppTests */ = {
			isa = PBXNativeTarget;
			buildConfigurationList = A63A07A823D3445900E48694 /* Build configuration list for PBXNativeTarget "QuizAppTests" */;
			buildPhases = (
				A63A078D23D3445900E48694 /* Sources */,
				A63A078E23D3445900E48694 /* Frameworks */,
				A63A078F23D3445900E48694 /* Resources */,
			);
			buildRules = (
			);
			dependencies = (
				A63A079323D3445900E48694 /* PBXTargetDependency */,
			);
			name = QuizAppTests;
			productName = QuizAppTests;
			productReference = A63A079123D3445900E48694 /* QuizAppTests.xctest */;
			productType = "com.apple.product-type.bundle.unit-test";
		};
		A63A079B23D3445900E48694 /* QuizAppUITests */ = {
			isa = PBXNativeTarget;
			buildConfigurationList = A63A07AB23D3445900E48694 /* Build configuration list for PBXNativeTarget "QuizAppUITests" */;
			buildPhases = (
				A63A079823D3445900E48694 /* Sources */,
				A63A079923D3445900E48694 /* Frameworks */,
				A63A079A23D3445900E48694 /* Resources */,
			);
			buildRules = (
			);
			dependencies = (
				A63A079E23D3445900E48694 /* PBXTargetDependency */,
			);
			name = QuizAppUITests;
			productName = QuizAppUITests;
			productReference = A63A079C23D3445900E48694 /* QuizAppUITests.xctest */;
			productType = "com.apple.product-type.bundle.ui-testing";
		};
/* End PBXNativeTarget section */

/* Begin PBXProject section */
		A63A077223D3445800E48694 /* Project object */ = {
			isa = PBXProject;
			attributes = {
				LastSwiftUpdateCheck = 1010;
				LastUpgradeCheck = 1010;
				ORGANIZATIONNAME = "Ranjan, Nishant [GCB-OT NE]";
				TargetAttributes = {
					A63A077923D3445800E48694 = {
						CreatedOnToolsVersion = 10.1;
					};
					A63A079023D3445900E48694 = {
						CreatedOnToolsVersion = 10.1;
						TestTargetID = A63A077923D3445800E48694;
					};
					A63A079B23D3445900E48694 = {
						CreatedOnToolsVersion = 10.1;
						TestTargetID = A63A077923D3445800E48694;
					};
				};
			};
			buildConfigurationList = A63A077523D3445800E48694 /* Build configuration list for PBXProject "QuizApp" */;
			compatibilityVersion = "Xcode 9.3";
			developmentRegion = en;
			hasScannedForEncodings = 0;
			knownRegions = (
				en,
				Base,
			);
			mainGroup = A63A077123D3445800E48694;
			productRefGroup = A63A077B23D3445800E48694 /* Products */;
			projectDirPath = "";
			projectRoot = "";
			targets = (
				A63A077923D3445800E48694 /* QuizApp */,
				A63A079023D3445900E48694 /* QuizAppTests */,
				A63A079B23D3445900E48694 /* QuizAppUITests */,
			);
		};
/* End PBXProject section */

/* Begin PBXResourcesBuildPhase section */
		A63A077823D3445800E48694 /* Resources */ = {
			isa = PBXResourcesBuildPhase;
			buildActionMask = 2147483647;
			files = (
				A63A078B23D3445900E48694 /* LaunchScreen.storyboard in Resources */,
				A63A078823D3445900E48694 /* Assets.xcassets in Resources */,
				A63A078323D3445800E48694 /* Main.storyboard in Resources */,
			);
			runOnlyForDeploymentPostprocessing = 0;
		};
		A63A078F23D3445900E48694 /* Resources */ = {
			isa = PBXResourcesBuildPhase;
			buildActionMask = 2147483647;
			files = (
			);
			runOnlyForDeploymentPostprocessing = 0;
		};
		A63A079A23D3445900E48694 /* Resources */ = {
			isa = PBXResourcesBuildPhase;
			buildActionMask = 2147483647;
			files = (
			);
			runOnlyForDeploymentPostprocessing = 0;
		};
/* End PBXResourcesBuildPhase section */

/* Begin PBXSourcesBuildPhase section */
		A63A077623D3445800E48694 /* Sources */ = {
			isa = PBXSourcesBuildPhase;
			buildActionMask = 2147483647;
			files = (
				A624809923D419CF0021F89C /* QuizBrain.swift in Sources */,
				A63A078023D3445800E48694 /* ViewController.swift in Sources */,
				A63A07AF23D35EBB00E48694 /* Question.swift in Sources */,
				A63A078623D3445800E48694 /* QuizApp.xcdatamodeld in Sources */,
				A63A077E23D3445800E48694 /* AppDelegate.swift in Sources */,
			);
			runOnlyForDeploymentPostprocessing = 0;
		};
		A63A078D23D3445900E48694 /* Sources */ = {
			isa = PBXSourcesBuildPhase;
			buildActionMask = 2147483647;
			files = (
				A63A079623D3445900E48694 /* QuizAppTests.swift in Sources */,
			);
			runOnlyForDeploymentPostprocessing = 0;
		};
		A63A079823D3445900E48694 /* Sources */ = {
			isa = PBXSourcesBuildPhase;
			buildActionMask = 2147483647;
			files = (
				A63A07A123D3445900E48694 /* QuizAppUITests.swift in Sources */,
			);
			runOnlyForDeploymentPostprocessing = 0;
		};
/* End PBXSourcesBuildPhase section */

/* Begin PBXTargetDependency section */
		A63A079323D3445900E48694 /* PBXTargetDependency */ = {
			isa = PBXTargetDependency;
			target = A63A077923D3445800E48694 /* QuizApp */;
			targetProxy = A63A079223D3445900E48694 /* PBXContainerItemProxy */;
		};
		A63A079E23D3445900E48694 /* PBXTargetDependency */ = {
			isa = PBXTargetDependency;
			target = A63A077923D3445800E48694 /* QuizApp */;
			targetProxy = A63A079D23D3445900E48694 /* PBXContainerItemProxy */;
		};
/* End PBXTargetDependency section */

/* Begin PBXVariantGroup section */
		A63A078123D3445800E48694 /* Main.storyboard */ = {
			isa = PBXVariantGroup;
			children = (
				A63A078223D3445800E48694 /* Base */,
			);
			name = Main.storyboard;
			sourceTree = "<group>";
		};
		A63A078923D3445900E48694 /* LaunchScreen.storyboard */ = {
			isa = PBXVariantGroup;
			children = (
				A63A078A23D3445900E48694 /* Base */,
			);
			name = LaunchScreen.storyboard;
			sourceTree = "<group>";
		};
/* End PBXVariantGroup section */

/* Begin XCBuildConfiguration section */
		A63A07A323D3445900E48694 /* Debug */ = {
			isa = XCBuildConfiguration;
			buildSettings = {
				ALWAYS_SEARCH_USER_PATHS = NO;
				CLANG_ANALYZER_NONNULL = YES;
				CLANG_ANALYZER_NUMBER_OBJECT_CONVERSION = YES_AGGRESSIVE;
				CLANG_CXX_LANGUAGE_STANDARD = "gnu++14";
				CLANG_CXX_LIBRARY = "libc++";
				CLANG_ENABLE_MODULES = YES;
				CLANG_ENABLE_OBJC_ARC = YES;
				CLANG_ENABLE_OBJC_WEAK = YES;
				CLANG_WARN_BLOCK_CAPTURE_AUTORELEASING = YES;
				CLANG_WARN_BOOL_CONVERSION = YES;
				CLANG_WARN_COMMA = YES;
				CLANG_WARN_CONSTANT_CONVERSION = YES;
				CLANG_WARN_DEPRECATED_OBJC_IMPLEMENTATIONS = YES;
				CLANG_WARN_DIRECT_OBJC_ISA_USAGE = YES_ERROR;
				CLANG_WARN_DOCUMENTATION_COMMENTS = YES;
				CLANG_WARN_EMPTY_BODY = YES;
				CLANG_WARN_ENUM_CONVERSION = YES;
				CLANG_WARN_INFINITE_RECURSION = YES;
				CLANG_WARN_INT_CONVERSION = YES;
				CLANG_WARN_NON_LITERAL_NULL_CONVERSION = YES;
				CLANG_WARN_OBJC_IMPLICIT_RETAIN_SELF = YES;
				CLANG_WARN_OBJC_LITERAL_CONVERSION = YES;
				CLANG_WARN_OBJC_ROOT_CLASS = YES_ERROR;
				CLANG_WARN_RANGE_LOOP_ANALYSIS = YES;
				CLANG_WARN_STRICT_PROTOTYPES = YES;
				CLANG_WARN_SUSPICIOUS_MOVE = YES;
				CLANG_WARN_UNGUARDED_AVAILABILITY = YES_AGGRESSIVE;
				CLANG_WARN_UNREACHABLE_CODE = YES;
				CLANG_WARN__DUPLICATE_METHOD_MATCH = YES;
				CODE_SIGN_IDENTITY = "iPhone Developer";
				COPY_PHASE_STRIP = NO;
				DEBUG_INFORMATION_FORMAT = dwarf;
				ENABLE_STRICT_OBJC_MSGSEND = YES;
				ENABLE_TESTABILITY = YES;
				GCC_C_LANGUAGE_STANDARD = gnu11;
				GCC_DYNAMIC_NO_PIC = NO;
				GCC_NO_COMMON_BLOCKS = YES;
				GCC_OPTIMIZATION_LEVEL = 0;
				GCC_PREPROCESSOR_DEFINITIONS = (
					"DEBUG=1",
					"$(inherited)",
				);
				GCC_WARN_64_TO_32_BIT_CONVERSION = YES;
				GCC_WARN_ABOUT_RETURN_TYPE = YES_ERROR;
				GCC_WARN_UNDECLARED_SELECTOR = YES;
				GCC_WARN_UNINITIALIZED_AUTOS = YES_AGGRESSIVE;
				GCC_WARN_UNUSED_FUNCTION = YES;
				GCC_WARN_UNUSED_VARIABLE = YES;
				IPHONEOS_DEPLOYMENT_TARGET = 12.1;
				MTL_ENABLE_DEBUG_INFO = INCLUDE_SOURCE;
				MTL_FAST_MATH = YES;
				ONLY_ACTIVE_ARCH = YES;
				SDKROOT = iphoneos;
				SWIFT_ACTIVE_COMPILATION_CONDITIONS = DEBUG;
				SWIFT_OPTIMIZATION_LEVEL = "-Onone";
			};
			name = Debug;
		};
		A63A07A423D3445900E48694 /* Release */ = {
			isa = XCBuildConfiguration;
			buildSettings = {
				ALWAYS_SEARCH_USER_PATHS = NO;
				CLANG_ANALYZER_NONNULL = YES;
				CLANG_ANALYZER_NUMBER_OBJECT_CONVERSION = YES_AGGRESSIVE;
				CLANG_CXX_LANGUAGE_STANDARD = "gnu++14";
				CLANG_CXX_LIBRARY = "libc++";
				CLANG_ENABLE_MODULES = YES;
				CLANG_ENABLE_OBJC_ARC = YES;
				CLANG_ENABLE_OBJC_WEAK = YES;
				CLANG_WARN_BLOCK_CAPTURE_AUTORELEASING = YES;
				CLANG_WARN_BOOL_CONVERSION = YES;
				CLANG_WARN_COMMA = YES;
				CLANG_WARN_CONSTANT_CONVERSION = YES;
				CLANG_WARN_DEPRECATED_OBJC_IMPLEMENTATIONS = YES;
				CLANG_WARN_DIRECT_OBJC_ISA_USAGE = YES_ERROR;
				CLANG_WARN_DOCUMENTATION_COMMENTS = YES;
				CLANG_WARN_EMPTY_BODY = YES;
				CLANG_WARN_ENUM_CONVERSION = YES;
				CLANG_WARN_INFINITE_RECURSION = YES;
				CLANG_WARN_INT_CONVERSION = YES;
				CLANG_WARN_NON_LITERAL_NULL_CONVERSION = YES;
				CLANG_WARN_OBJC_IMPLICIT_RETAIN_SELF = YES;
				CLANG_WARN_OBJC_LITERAL_CONVERSION = YES;
				CLANG_WARN_OBJC_ROOT_CLASS = YES_ERROR;
				CLANG_WARN_RANGE_LOOP_ANALYSIS = YES;
				CLANG_WARN_STRICT_PROTOTYPES = YES;
				CLANG_WARN_SUSPICIOUS_MOVE = YES;
				CLANG_WARN_UNGUARDED_AVAILABILITY = YES_AGGRESSIVE;
				CLANG_WARN_UNREACHABLE_CODE = YES;
				CLANG_WARN__DUPLICATE_METHOD_MATCH = YES;
				CODE_SIGN_IDENTITY = "iPhone Developer";
				COPY_PHASE_STRIP = NO;
				DEBUG_INFORMATION_FORMAT = "dwarf-with-dsym";
				ENABLE_NS_ASSERTIONS = NO;
				ENABLE_STRICT_OBJC_MSGSEND = YES;
				GCC_C_LANGUAGE_STANDARD = gnu11;
				GCC_NO_COMMON_BLOCKS = YES;
				GCC_WARN_64_TO_32_BIT_CONVERSION = YES;
				GCC_WARN_ABOUT_RETURN_TYPE = YES_ERROR;
				GCC_WARN_UNDECLARED_SELECTOR = YES;
				GCC_WARN_UNINITIALIZED_AUTOS = YES_AGGRESSIVE;
				GCC_WARN_UNUSED_FUNCTION = YES;
				GCC_WARN_UNUSED_VARIABLE = YES;
				IPHONEOS_DEPLOYMENT_TARGET = 12.1;
				MTL_ENABLE_DEBUG_INFO = NO;
				MTL_FAST_MATH = YES;
				SDKROOT = iphoneos;
				SWIFT_COMPILATION_MODE = wholemodule;
				SWIFT_OPTIMIZATION_LEVEL = "-O";
				VALIDATE_PRODUCT = YES;
			};
			name = Release;
		};
		A63A07A623D3445900E48694 /* Debug */ = {
			isa = XCBuildConfiguration;
			buildSettings = {
				ASSETCATALOG_COMPILER_APPICON_NAME = AppIcon;
				CODE_SIGN_STYLE = Automatic;
				INFOPLIST_FILE = QuizApp/Info.plist;
				LD_RUNPATH_SEARCH_PATHS = (
					"$(inherited)",
					"@executable_path/Frameworks",
				);
				PRODUCT_BUNDLE_IDENTIFIER = com.test.QuizApp;
				PRODUCT_NAME = "$(TARGET_NAME)";
				SWIFT_VERSION = 4.2;
				TARGETED_DEVICE_FAMILY = "1,2";
			};
			name = Debug;
		};
		A63A07A723D3445900E48694 /* Release */ = {
			isa = XCBuildConfiguration;
			buildSettings = {
				ASSETCATALOG_COMPILER_APPICON_NAME = AppIcon;
				CODE_SIGN_STYLE = Automatic;
				INFOPLIST_FILE = QuizApp/Info.plist;
				LD_RUNPATH_SEARCH_PATHS = (
					"$(inherited)",
					"@executable_path/Frameworks",
				);
				PRODUCT_BUNDLE_IDENTIFIER = com.test.QuizApp;
				PRODUCT_NAME = "$(TARGET_NAME)";
				SWIFT_VERSION = 4.2;
				TARGETED_DEVICE_FAMILY = "1,2";
			};
			name = Release;
		};
		A63A07A923D3445900E48694 /* Debug */ = {
			isa = XCBuildConfiguration;
			buildSettings = {
				ALWAYS_EMBED_SWIFT_STANDARD_LIBRARIES = YES;
				BUNDLE_LOADER = "$(TEST_HOST)";
				CODE_SIGN_STYLE = Automatic;
				INFOPLIST_FILE = QuizAppTests/Info.plist;
				LD_RUNPATH_SEARCH_PATHS = (
					"$(inherited)",
					"@executable_path/Frameworks",
					"@loader_path/Frameworks",
				);
				PRODUCT_BUNDLE_IDENTIFIER = com.test.QuizAppTests;
				PRODUCT_NAME = "$(TARGET_NAME)";
				SWIFT_VERSION = 4.2;
				TARGETED_DEVICE_FAMILY = "1,2";
				TEST_HOST = "$(BUILT_PRODUCTS_DIR)/QuizApp.app/QuizApp";
			};
			name = Debug;
		};
		A63A07AA23D3445900E48694 /* Release */ = {
			isa = XCBuildConfiguration;
			buildSettings = {
				ALWAYS_EMBED_SWIFT_STANDARD_LIBRARIES = YES;
				BUNDLE_LOADER = "$(TEST_HOST)";
				CODE_SIGN_STYLE = Automatic;
				INFOPLIST_FILE = QuizAppTests/Info.plist;
				LD_RUNPATH_SEARCH_PATHS = (
					"$(inherited)",
					"@executable_path/Frameworks",
					"@loader_path/Frameworks",
				);
				PRODUCT_BUNDLE_IDENTIFIER = com.test.QuizAppTests;
				PRODUCT_NAME = "$(TARGET_NAME)";
				SWIFT_VERSION = 4.2;
				TARGETED_DEVICE_FAMILY = "1,2";
				TEST_HOST = "$(BUILT_PRODUCTS_DIR)/QuizApp.app/QuizApp";
			};
			name = Release;
		};
		A63A07AC23D3445900E48694 /* Debug */ = {
			isa = XCBuildConfiguration;
			buildSettings = {
				ALWAYS_EMBED_SWIFT_STANDARD_LIBRARIES = YES;
				CODE_SIGN_STYLE = Automatic;
				INFOPLIST_FILE = QuizAppUITests/Info.plist;
				LD_RUNPATH_SEARCH_PATHS = (
					"$(inherited)",
					"@executable_path/Frameworks",
					"@loader_path/Frameworks",
				);
				PRODUCT_BUNDLE_IDENTIFIER = com.test.QuizAppUITests;
				PRODUCT_NAME = "$(TARGET_NAME)";
				SWIFT_VERSION = 4.2;
				TARGETED_DEVICE_FAMILY = "1,2";
				TEST_TARGET_NAME = QuizApp;
			};
			name = Debug;
		};
		A63A07AD23D3445900E48694 /* Release */ = {
			isa = XCBuildConfiguration;
			buildSettings = {
				ALWAYS_EMBED_SWIFT_STANDARD_LIBRARIES = YES;
				CODE_SIGN_STYLE = Automatic;
				INFOPLIST_FILE = QuizAppUITests/Info.plist;
				LD_RUNPATH_SEARCH_PATHS = (
					"$(inherited)",
					"@executable_path/Frameworks",
					"@loader_path/Frameworks",
				);
				PRODUCT_BUNDLE_IDENTIFIER = com.test.QuizAppUITests;
				PRODUCT_NAME = "$(TARGET_NAME)";
				SWIFT_VERSION = 4.2;
				TARGETED_DEVICE_FAMILY = "1,2";
				TEST_TARGET_NAME = QuizApp;
			};
			name = Release;
		};
/* End XCBuildConfiguration section */

/* Begin XCConfigurationList section */
		A63A077523D3445800E48694 /* Build configuration list for PBXProject "QuizApp" */ = {
			isa = XCConfigurationList;
			buildConfigurations = (
				A63A07A323D3445900E48694 /* Debug */,
				A63A07A423D3445900E48694 /* Release */,
			);
			defaultConfigurationIsVisible = 0;
			defaultConfigurationName = Release;
		};
		A63A07A523D3445900E48694 /* Build configuration list for PBXNativeTarget "QuizApp" */ = {
			isa = XCConfigurationList;
			buildConfigurations = (
				A63A07A623D3445900E48694 /* Debug */,
				A63A07A723D3445900E48694 /* Release */,
			);
			defaultConfigurationIsVisible = 0;
			defaultConfigurationName = Release;
		};
		A63A07A823D3445900E48694 /* Build configuration list for PBXNativeTarget "QuizAppTests" */ = {
			isa = XCConfigurationList;
			buildConfigurations = (
				A63A07A923D3445900E48694 /* Debug */,
				A63A07AA23D3445900E48694 /* Release */,
			);
			defaultConfigurationIsVisible = 0;
			defaultConfigurationName = Release;
		};
		A63A07AB23D3445900E48694 /* Build configuration list for PBXNativeTarget "QuizAppUITests" */ = {
			isa = XCConfigurationList;
			buildConfigurations = (
				A63A07AC23D3445900E48694 /* Debug */,
				A63A07AD23D3445900E48694 /* Release */,
			);
			defaultConfigurationIsVisible = 0;
			defaultConfigurationName = Release;
		};
/* End XCConfigurationList section */

/* Begin XCVersionGroup section */
		A63A078423D3445800E48694 /* QuizApp.xcdatamodeld */ = {
			isa = XCVersionGroup;
			children = (
				A63A078523D3445800E48694 /* QuizApp.xcdatamodel */,
			);
			currentVersion = A63A078523D3445800E48694 /* QuizApp.xcdatamodel */;
			path = QuizApp.xcdatamodeld;
			sourceTree = "<group>";
			versionGroupType = wrapper.xcdatamodel;
		};
/* End XCVersionGroup section */
	};
	rootObject = A63A077223D3445800E48694 /* Project object */;
}
